<?xml version="1.0" encoding="utf-8"?>
<Project ToolsVersion="4.0" xmlns="http://schemas.microsoft.com/developer/msbuild/2003">
  <ItemGroup>
    <Filter Include="源文件">
      <UniqueIdentifier>{4FC737F1-C7A5-4376-A066-2A32D752A2FF}</UniqueIdentifier>
      <Extensions>cpp;c;cc;cxx;def;odl;idl;hpj;bat;asm;asmx</Extensions>
    </Filter>
    <Filter Include="头文件">
      <UniqueIdentifier>{93995380-89BD-4b04-88EB-625FBE52EBFB}</UniqueIdentifier>
      <Extensions>h;hpp;hxx;hm;inl;inc;xsd</Extensions>
    </Filter>
    <Filter Include="资源文件">
      <UniqueIdentifier>{67DA6AB6-F800-4c08-8B7A-83BB121AAD01}</UniqueIdentifier>
      <Extensions>rc;ico;cur;bmp;dlg;rc2;rct;bin;rgs;gif;jpg;jpeg;jpe;resx;tiff;tif;png;wav</Extensions>
    </Filter>
    <Filter Include="common">
      <UniqueIdentifier>{e42748c4-5e54-448d-8847-4dbaa3060935}</UniqueIdentifier>
    </Filter>
  </ItemGroup>
  <ItemGroup>
    <ClCompile Include="BasePara.cpp">
      <Filter>源文件</Filter>
    </ClCompile>
    <ClCompile Include="EasyWrite.cpp">
      <Filter>源文件</Filter>
    </ClCompile>
    <ClCompile Include="EasyWriteDlg.cpp">
      <Filter>源文件</Filter>
    </ClCompile>
    <ClCompile Include="EncryptWrite.cpp">
      <Filter>源文件</Filter>
    </ClCompile>
    <ClCompile Include="FileHandler.cpp">
      <Filter>源文件</Filter>
    </ClCompile>
    <ClCompile Include="WriteCommand.cpp">
      <Filter>源文件</Filter>
    </ClCompile>
    <ClCompile Include="common\Log.cpp">
      <Filter>common</Filter>
    </ClCompile>
  </ItemGroup>
  <ItemGroup>
    <ClInclude Include="BasePara.h">
      <Filter>头文件</Filter>
    </ClInclude>
    <ClInclude Include="EasyWrite.h">
      <Filter>头文件</Filter>
    </ClInclude>
    <ClInclude Include="EasyWriteDlg.h">
      <Filter>头文件</Filter>
    </ClInclude>
    <ClInclude Include="EncryptWrite.h">
      <Filter>头文件</Filter>
    </ClInclude>
    <ClInclude Include="FileHandler.h">
      <Filter>头文件</Filter>
    </ClInclude>
    <ClInclude Include="LibUniEncrypt.h">
      <Filter>头文件</Filter>
    </ClInclude>
    <ClInclude Include="Resource.h">
      <Filter>头文件</Filter>
    </ClInclude>
    <ClInclude Include="stdafx.h">
      <Filter>头文件</Filter>
    </ClInclude>
    <ClInclude Include="WriteCommand.h">
      <Filter>头文件</Filter>
    </ClInclude>
    <ClInclude Include="common\common.h">
      <Filter>common</Filter>
    </ClInclude>
    <ClInclude Include="common\Log.h">
      <Filter>common</Filter>
    </ClInclude>
  </ItemGroup>
  <ItemGroup>
    <Image Include="res\EasyWrite.ico">
      <Filter>资源文件</Filter>
    </Image>
  </ItemGroup>
  <ItemGroup>
    <ResourceCompile Include="EasyWrite.rc">
      <Filter>资源文件</Filter>
    </ResourceCompile>
  </ItemGroup>
  <ItemGroup>
    <None Include="res\EasyWrite.rc2">
      <Filter>资源文件</Filter>
    </None>
  </ItemGroup>
  <ItemGroup>
    <Text Include="ReadMe.txt" />
  </ItemGroup>
</Project>