
Microsoft Visual Studio Solution File, Format Version 9.00
# Visual Studio 2005
Project("{8BC9CEB8-8B4A-11D0-8D11-00A0C91BC942}") = "EasyWrite", "EasyWrite\EasyWrite.vcproj", "{69886D6D-68C8-4FEF-B5DD-1ED893FF725F}"
EndProject
Global
	GlobalSection(SolutionConfigurationPlatforms) = preSolution
		Debug|Win32 = Debug|Win32
		Release|Win32 = Release|Win32
	EndGlobalSection
	GlobalSection(ProjectConfigurationPlatforms) = postSolution
		{69886D6D-68C8-4FEF-B5DD-1ED893FF725F}.Debug|Win32.ActiveCfg = Debug|Win32
		{69886D6D-68C8-4FEF-B5DD-1ED893FF725F}.Debug|Win32.Build.0 = Debug|Win32
		{69886D6D-68C8-4FEF-B5DD-1ED893FF725F}.Release|Win32.ActiveCfg = Release|Win32
		{69886D6D-68C8-4FEF-B5DD-1ED893FF725F}.Release|Win32.Build.0 = Release|Win32
	EndGlobalSection
	GlobalSection(SolutionProperties) = preSolution
		HideSolutionNode = FALSE
	EndGlobalSection
EndGlobal
